
Microsoft Visual Studio Solution File, Format Version 12.00
# Visual Studio Version 17
VisualStudioVersion = 17.13.35818.85 d17.13
MinimumVisualStudioVersion = 10.0.40219.1
Project("{FAE04EC0-301F-11D3-BF4B-00C04F79EFBC}") = "UserManagementSystem", "UserManagementSystem\UserManagementSystem.csproj", "{DE62865F-F786-4866-8A18-A9F31BCC3EC9}"
EndProject
Global
	GlobalSection(SolutionConfigurationPlatforms) = preSolution
		Debug|Any CPU = Debug|Any CPU
		Release|Any CPU = Release|Any CPU
	EndGlobalSection
	GlobalSection(ProjectConfigurationPlatforms) = postSolution
		{DE62865F-F786-4866-8A18-A9F31BCC3EC9}.Debug|Any CPU.ActiveCfg = Debug|Any CPU
		{DE62865F-F786-4866-8A18-A9F31BCC3EC9}.Debug|Any CPU.Build.0 = Debug|Any CPU
		{DE62865F-F786-4866-8A18-A9F31BCC3EC9}.Release|Any CPU.ActiveCfg = Release|Any CPU
		{DE62865F-F786-4866-8A18-A9F31BCC3EC9}.Release|Any CPU.Build.0 = Release|Any CPU
	EndGlobalSection
	GlobalSection(SolutionProperties) = preSolution
		HideSolutionNode = FALSE
	EndGlobalSection
	GlobalSection(ExtensibilityGlobals) = postSolution
		SolutionGuid = {7CBA3893-98C2-4AFF-9C5B-5D890106DDDF}
	EndGlobalSection
EndGlobal
